// !$*UTF8*$!
{
	archiveVersion = 1;
	classes = {
	};
	objectVersion = 56;
	objects = {

/* Begin PBXBuildFile section */
		8E15C8F32B6679D1001468C7 /* RMQSoketApp.swift in Sources */ = {isa = PBXBuildFile; fileRef = 8E15C8F22B6679D1001468C7 /* RMQSoketApp.swift */; };
		8E15C8F52B6679D1001468C7 /* ContentView.swift in Sources */ = {isa = PBXBuildFile; fileRef = 8E15C8F42B6679D1001468C7 /* ContentView.swift */; };
		8E15C8F72B6679D4001468C7 /* Assets.xcassets in Resources */ = {isa = PBXBuildFile; fileRef = 8E15C8F62B6679D4001468C7 /* Assets.xcassets */; };
		8E15C8FA2B6679D4001468C7 /* Preview Assets.xcassets in Resources */ = {isa = PBXBuildFile; fileRef = 8E15C8F92B6679D4001468C7 /* Preview Assets.xcassets */; };
		8E15C9042B6679D4001468C7 /* RMQSoketTests.swift in Sources */ = {isa = PBXBuildFile; fileRef = 8E15C9032B6679D4001468C7 /* RMQSoketTests.swift */; };
		8E15C90E2B6679D5001468C7 /* RMQSoketUITests.swift in Sources */ = {isa = PBXBuildFile; fileRef = 8E15C90D2B6679D5001468C7 /* RMQSoketUITests.swift */; };
		8E15C9102B6679D5001468C7 /* RMQSoketUITestsLaunchTests.swift in Sources */ = {isa = PBXBuildFile; fileRef = 8E15C90F2B6679D5001468C7 /* RMQSoketUITestsLaunchTests.swift */; };
/* End PBXBuildFile section */

/* Begin PBXContainerItemProxy section */
		8E15C9002B6679D4001468C7 /* PBXContainerItemProxy */ = {
			isa = PBXContainerItemProxy;
			containerPortal = 8E15C8E72B6679D1001468C7 /* Project object */;
			proxyType = 1;
			remoteGlobalIDString = 8E15C8EE2B6679D1001468C7;
			remoteInfo = RMQSoket;
		};
		8E15C90A2B6679D5001468C7 /* PBXContainerItemProxy */ = {
			isa = PBXContainerItemProxy;
			containerPortal = 8E15C8E72B6679D1001468C7 /* Project object */;
			proxyType = 1;
			remoteGlobalIDString = 8E15C8EE2B6679D1001468C7;
			remoteInfo = RMQSoket;
		};
/* End PBXContainerItemProxy section */

/* Begin PBXFileReference section */
		8E15C8EF2B6679D1001468C7 /* RMQSoket.app */ = {isa = PBXFileReference; explicitFileType = wrapper.application; includeInIndex = 0; path = RMQSoket.app; sourceTree = BUILT_PRODUCTS_DIR; };
		8E15C8F22B6679D1001468C7 /* RMQSoketApp.swift */ = {isa = PBXFileReference; lastKnownFileType = sourcecode.swift; path = RMQSoketApp.swift; sourceTree = "<group>"; };
		8E15C8F42B6679D1001468C7 /* ContentView.swift */ = {isa = PBXFileReference; lastKnownFileType = sourcecode.swift; path = ContentView.swift; sourceTree = "<group>"; };
		8E15C8F62B6679D4001468C7 /* Assets.xcassets */ = {isa = PBXFileReference; lastKnownFileType = folder.assetcatalog; path = Assets.xcassets; sourceTree = "<group>"; };
		8E15C8F92B6679D4001468C7 /* Preview Assets.xcassets */ = {isa = PBXFileReference; lastKnownFileType = folder.assetcatalog; path = "Preview Assets.xcassets"; sourceTree = "<group>"; };
		8E15C8FF2B6679D4001468C7 /* RMQSoketTests.xctest */ = {isa = PBXFileReference; explicitFileType = wrapper.cfbundle; includeInIndex = 0; path = RMQSoketTests.xctest; sourceTree = BUILT_PRODUCTS_DIR; };
		8E15C9032B6679D4001468C7 /* RMQSoketTests.swift */ = {isa = PBXFileReference; lastKnownFileType = sourcecode.swift; path = RMQSoketTests.swift; sourceTree = "<group>"; };
		8E15C9092B6679D5001468C7 /* RMQSoketUITests.xctest */ = {isa = PBXFileReference; explicitFileType = wrapper.cfbundle; includeInIndex = 0; path = RMQSoketUITests.xctest; sourceTree = BUILT_PRODUCTS_DIR; };
		8E15C90D2B6679D5001468C7 /* RMQSoketUITests.swift */ = {isa = PBXFileReference; lastKnownFileType = sourcecode.swift; path = RMQSoketUITests.swift; sourceTree = "<group>"; };
		8E15C90F2B6679D5001468C7 /* RMQSoketUITestsLaunchTests.swift */ = {isa = PBXFileReference; lastKnownFileType = sourcecode.swift; path = RMQSoketUITestsLaunchTests.swift; sourceTree = "<group>"; };
/* End PBXFileReference section */

/* Begin PBXFrameworksBuildPhase section */
		8E15C8EC2B6679D1001468C7 /* Frameworks */ = {
			isa = PBXFrameworksBuildPhase;
			buildActionMask = 2147483647;
			files = (
			);
			runOnlyForDeploymentPostprocessing = 0;
		};
		8E15C8FC2B6679D4001468C7 /* Frameworks */ = {
			isa = PBXFrameworksBuildPhase;
			buildActionMask = 2147483647;
			files = (
			);
			runOnlyForDeploymentPostprocessing = 0;
		};
		8E15C9062B6679D5001468C7 /* Frameworks */ = {
			isa = PBXFrameworksBuildPhase;
			buildActionMask = 2147483647;
			files = (
			);
			runOnlyForDeploymentPostprocessing = 0;
		};
/* End PBXFrameworksBuildPhase section */

/* Begin PBXGroup section */
		8E15C8E62B6679D1001468C7 = {
			isa = PBXGroup;
			children = (
				8E15C8F12B6679D1001468C7 /* RMQSoket */,
				8E15C9022B6679D4001468C7 /* RMQSoketTests */,
				8E15C90C2B6679D5001468C7 /* RMQSoketUITests */,
				8E15C8F02B6679D1001468C7 /* Products */,
			);
			sourceTree = "<group>";
		};
		8E15C8F02B6679D1001468C7 /* Products */ = {
			isa = PBXGroup;
			children = (
				8E15C8EF2B6679D1001468C7 /* RMQSoket.app */,
				8E15C8FF2B6679D4001468C7 /* RMQSoketTests.xctest */,
				8E15C9092B6679D5001468C7 /* RMQSoketUITests.xctest */,
			);
			name = Products;
			sourceTree = "<group>";
		};
		8E15C8F12B6679D1001468C7 /* RMQSoket */ = {
			isa = PBXGroup;
			children = (
				8E15C8F22B6679D1001468C7 /* RMQSoketApp.swift */,
				8E15C8F42B6679D1001468C7 /* ContentView.swift */,
				8E15C8F62B6679D4001468C7 /* Assets.xcassets */,
				8E15C8F82B6679D4001468C7 /* Preview Content */,
			);
			path = RMQSoket;
			sourceTree = "<group>";
		};
		8E15C8F82B6679D4001468C7 /* Preview Content */ = {
			isa = PBXGroup;
			children = (
				8E15C8F92B6679D4001468C7 /* Preview Assets.xcassets */,
			);
			path = "Preview Content";
			sourceTree = "<group>";
		};
		8E15C9022B6679D4001468C7 /* RMQSoketTests */ = {
			isa = PBXGroup;
			children = (
				8E15C9032B6679D4001468C7 /* RMQSoketTests.swift */,
			);
			path = RMQSoketTests;
			sourceTree = "<group>";
		};
		8E15C90C2B6679D5001468C7 /* RMQSoketUITests */ = {
			isa = PBXGroup;
			children = (
				8E15C90D2B6679D5001468C7 /* RMQSoketUITests.swift */,
				8E15C90F2B6679D5001468C7 /* RMQSoketUITestsLaunchTests.swift */,
			);
			path = RMQSoketUITests;
			sourceTree = "<group>";
		};
/* End PBXGroup section */

/* Begin PBXNativeTarget section */
		8E15C8EE2B6679D1001468C7 /* RMQSoket */ = {
			isa = PBXNativeTarget;
			buildConfigurationList = 8E15C9132B6679D5001468C7 /* Build configuration list for PBXNativeTarget "RMQSoket" */;
			buildPhases = (
				8E15C8EB2B6679D1001468C7 /* Sources */,
				8E15C8EC2B6679D1001468C7 /* Frameworks */,
				8E15C8ED2B6679D1001468C7 /* Resources */,
			);
			buildRules = (
			);
			dependencies = (
			);
			name = RMQSoket;
			productName = RMQSoket;
			productReference = 8E15C8EF2B6679D1001468C7 /* RMQSoket.app */;
			productType = "com.apple.product-type.application";
		};
		8E15C8FE2B6679D4001468C7 /* RMQSoketTests */ = {
			isa = PBXNativeTarget;
			buildConfigurationList = 8E15C9162B6679D5001468C7 /* Build configuration list for PBXNativeTarget "RMQSoketTests" */;
			buildPhases = (
				8E15C8FB2B6679D4001468C7 /* Sources */,
				8E15C8FC2B6679D4001468C7 /* Frameworks */,
				8E15C8FD2B6679D4001468C7 /* Resources */,
			);
			buildRules = (
			);
			dependencies = (
				8E15C9012B6679D4001468C7 /* PBXTargetDependency */,
			);
			name = RMQSoketTests;
			productName = RMQSoketTests;
			productReference = 8E15C8FF2B6679D4001468C7 /* RMQSoketTests.xctest */;
			productType = "com.apple.product-type.bundle.unit-test";
		};
		8E15C9082B6679D5001468C7 /* RMQSoketUITests */ = {
			isa = PBXNativeTarget;
			buildConfigurationList = 8E15C9192B6679D5001468C7 /* Build configuration list for PBXNativeTarget "RMQSoketUITests" */;
			buildPhases = (
				8E15C9052B6679D5001468C7 /* Sources */,
				8E15C9062B6679D5001468C7 /* Frameworks */,
				8E15C9072B6679D5001468C7 /* Resources */,
			);
			buildRules = (
			);
			dependencies = (
				8E15C90B2B6679D5001468C7 /* PBXTargetDependency */,
			);
			name = RMQSoketUITests;
			productName = RMQSoketUITests;
			productReference = 8E15C9092B6679D5001468C7 /* RMQSoketUITests.xctest */;
			productType = "com.apple.product-type.bundle.ui-testing";
		};
/* End PBXNativeTarget section */

/* Begin PBXProject section */
		8E15C8E72B6679D1001468C7 /* Project object */ = {
			isa = PBXProject;
			attributes = {
				BuildIndependentTargetsInParallel = 1;
				LastSwiftUpdateCheck = 1520;
				LastUpgradeCheck = 1520;
				TargetAttributes = {
					8E15C8EE2B6679D1001468C7 = {
						CreatedOnToolsVersion = 15.2;
					};
					8E15C8FE2B6679D4001468C7 = {
						CreatedOnToolsVersion = 15.2;
						TestTargetID = 8E15C8EE2B6679D1001468C7;
					};
					8E15C9082B6679D5001468C7 = {
						CreatedOnToolsVersion = 15.2;
						TestTargetID = 8E15C8EE2B6679D1001468C7;
					};
				};
			};
			buildConfigurationList = 8E15C8EA2B6679D1001468C7 /* Build configuration list for PBXProject "RMQSoket" */;
			compatibilityVersion = "Xcode 14.0";
			developmentRegion = en;
			hasScannedForEncodings = 0;
			knownRegions = (
				en,
				Base,
			);
			mainGroup = 8E15C8E62B6679D1001468C7;
			productRefGroup = 8E15C8F02B6679D1001468C7 /* Products */;
			projectDirPath = "";
			projectRoot = "";
			targets = (
				8E15C8EE2B6679D1001468C7 /* RMQSoket */,
				8E15C8FE2B6679D4001468C7 /* RMQSoketTests */,
				8E15C9082B6679D5001468C7 /* RMQSoketUITests */,
			);
		};
/* End PBXProject section */

/* Begin PBXResourcesBuildPhase section */
		8E15C8ED2B6679D1001468C7 /* Resources */ = {
			isa = PBXResourcesBuildPhase;
			buildActionMask = 2147483647;
			files = (
				8E15C8FA2B6679D4001468C7 /* Preview Assets.xcassets in Resources */,
				8E15C8F72B6679D4001468C7 /* Assets.xcassets in Resources */,
			);
			runOnlyForDeploymentPostprocessing = 0;
		};
		8E15C8FD2B6679D4001468C7 /* Resources */ = {
			isa = PBXResourcesBuildPhase;
			buildActionMask = 2147483647;
			files = (
			);
			runOnlyForDeploymentPostprocessing = 0;
		};
		8E15C9072B6679D5001468C7 /* Resources */ = {
			isa = PBXResourcesBuildPhase;
			buildActionMask = 2147483647;
			files = (
			);
			runOnlyForDeploymentPostprocessing = 0;
		};
/* End PBXResourcesBuildPhase section */

/* Begin PBXSourcesBuildPhase section */
		8E15C8EB2B6679D1001468C7 /* Sources */ = {
			isa = PBXSourcesBuildPhase;
			buildActionMask = 2147483647;
			files = (
				8E15C8F52B6679D1001468C7 /* ContentView.swift in Sources */,
				8E15C8F32B6679D1001468C7 /* RMQSoketApp.swift in Sources */,
			);
			runOnlyForDeploymentPostprocessing = 0;
		};
		8E15C8FB2B6679D4001468C7 /* Sources */ = {
			isa = PBXSourcesBuildPhase;
			buildActionMask = 2147483647;
			files = (
				8E15C9042B6679D4001468C7 /* RMQSoketTests.swift in Sources */,
			);
			runOnlyForDeploymentPostprocessing = 0;
		};
		8E15C9052B6679D5001468C7 /* Sources */ = {
			isa = PBXSourcesBuildPhase;
			buildActionMask = 2147483647;
			files = (
				8E15C9102B6679D5001468C7 /* RMQSoketUITestsLaunchTests.swift in Sources */,
				8E15C90E2B6679D5001468C7 /* RMQSoketUITests.swift in Sources */,
			);
			runOnlyForDeploymentPostprocessing = 0;
		};
/* End PBXSourcesBuildPhase section */

/* Begin PBXTargetDependency section */
		8E15C9012B6679D4001468C7 /* PBXTargetDependency */ = {
			isa = PBXTargetDependency;
			target = 8E15C8EE2B6679D1001468C7 /* RMQSoket */;
			targetProxy = 8E15C9002B6679D4001468C7 /* PBXContainerItemProxy */;
		};
		8E15C90B2B6679D5001468C7 /* PBXTargetDependency */ = {
			isa = PBXTargetDependency;
			target = 8E15C8EE2B6679D1001468C7 /* RMQSoket */;
			targetProxy = 8E15C90A2B6679D5001468C7 /* PBXContainerItemProxy */;
		};
/* End PBXTargetDependency section */

/* Begin XCBuildConfiguration section */
		8E15C9112B6679D5001468C7 /* Debug */ = {
			isa = XCBuildConfiguration;
			buildSettings = {
				ALWAYS_SEARCH_USER_PATHS = NO;
				ASSETCATALOG_COMPILER_GENERATE_SWIFT_ASSET_SYMBOL_EXTENSIONS = YES;
				CLANG_ANALYZER_NONNULL = YES;
				CLANG_ANALYZER_NUMBER_OBJECT_CONVERSION = YES_AGGRESSIVE;
				CLANG_CXX_LANGUAGE_STANDARD = "gnu++20";
				CLANG_ENABLE_MODULES = YES;
				CLANG_ENABLE_OBJC_ARC = YES;
				CLANG_ENABLE_OBJC_WEAK = YES;
				CLANG_WARN_BLOCK_CAPTURE_AUTORELEASING = YES;
				CLANG_WARN_BOOL_CONVERSION = YES;
				CLANG_WARN_COMMA = YES;
				CLANG_WARN_CONSTANT_CONVERSION = YES;
				CLANG_WARN_DEPRECATED_OBJC_IMPLEMENTATIONS = YES;
				CLANG_WARN_DIRECT_OBJC_ISA_USAGE = YES_ERROR;
				CLANG_WARN_DOCUMENTATION_COMMENTS = YES;
				CLANG_WARN_EMPTY_BODY = YES;
				CLANG_WARN_ENUM_CONVERSION = YES;
				CLANG_WARN_INFINITE_RECURSION = YES;
				CLANG_WARN_INT_CONVERSION = YES;
				CLANG_WARN_NON_LITERAL_NULL_CONVERSION = YES;
				CLANG_WARN_OBJC_IMPLICIT_RETAIN_SELF = YES;
				CLANG_WARN_OBJC_LITERAL_CONVERSION = YES;
				CLANG_WARN_OBJC_ROOT_CLASS = YES_ERROR;
				CLANG_WARN_QUOTED_INCLUDE_IN_FRAMEWORK_HEADER = YES;
				CLANG_WARN_RANGE_LOOP_ANALYSIS = YES;
				CLANG_WARN_STRICT_PROTOTYPES = YES;
				CLANG_WARN_SUSPICIOUS_MOVE = YES;
				CLANG_WARN_UNGUARDED_AVAILABILITY = YES_AGGRESSIVE;
				CLANG_WARN_UNREACHABLE_CODE = YES;
				CLANG_WARN__DUPLICATE_METHOD_MATCH = YES;
				COPY_PHASE_STRIP = NO;
				DEBUG_INFORMATION_FORMAT = dwarf;
				ENABLE_STRICT_OBJC_MSGSEND = YES;
				ENABLE_TESTABILITY = YES;
				ENABLE_USER_SCRIPT_SANDBOXING = YES;
				GCC_C_LANGUAGE_STANDARD = gnu17;
				GCC_DYNAMIC_NO_PIC = NO;
				GCC_NO_COMMON_BLOCKS = YES;
				GCC_OPTIMIZATION_LEVEL = 0;
				GCC_PREPROCESSOR_DEFINITIONS = (
					"DEBUG=1",
					"$(inherited)",
				);
				GCC_WARN_64_TO_32_BIT_CONVERSION = YES;
				GCC_WARN_ABOUT_RETURN_TYPE = YES_ERROR;
				GCC_WARN_UNDECLARED_SELECTOR = YES;
				GCC_WARN_UNINITIALIZED_AUTOS = YES_AGGRESSIVE;
				GCC_WARN_UNUSED_FUNCTION = YES;
				GCC_WARN_UNUSED_VARIABLE = YES;
				IPHONEOS_DEPLOYMENT_TARGET = 17.2;
				LOCALIZATION_PREFERS_STRING_CATALOGS = YES;
				MTL_ENABLE_DEBUG_INFO = INCLUDE_SOURCE;
				MTL_FAST_MATH = YES;
				ONLY_ACTIVE_ARCH = YES;
				SDKROOT = iphoneos;
				SWIFT_ACTIVE_COMPILATION_CONDITIONS = "DEBUG $(inherited)";
				SWIFT_OPTIMIZATION_LEVEL = "-Onone";
			};
			name = Debug;
		};
		8E15C9122B6679D5001468C7 /* Release */ = {
			isa = XCBuildConfiguration;
			buildSettings = {
				ALWAYS_SEARCH_USER_PATHS = NO;
				ASSETCATALOG_COMPILER_GENERATE_SWIFT_ASSET_SYMBOL_EXTENSIONS = YES;
				CLANG_ANALYZER_NONNULL = YES;
				CLANG_ANALYZER_NUMBER_OBJECT_CONVERSION = YES_AGGRESSIVE;
				CLANG_CXX_LANGUAGE_STANDARD = "gnu++20";
				CLANG_ENABLE_MODULES = YES;
				CLANG_ENABLE_OBJC_ARC = YES;
				CLANG_ENABLE_OBJC_WEAK = YES;
				CLANG_WARN_BLOCK_CAPTURE_AUTORELEASING = YES;
				CLANG_WARN_BOOL_CONVERSION = YES;
				CLANG_WARN_COMMA = YES;
				CLANG_WARN_CONSTANT_CONVERSION = YES;
				CLANG_WARN_DEPRECATED_OBJC_IMPLEMENTATIONS = YES;
				CLANG_WARN_DIRECT_OBJC_ISA_USAGE = YES_ERROR;
				CLANG_WARN_DOCUMENTATION_COMMENTS = YES;
				CLANG_WARN_EMPTY_BODY = YES;
				CLANG_WARN_ENUM_CONVERSION = YES;
				CLANG_WARN_INFINITE_RECURSION = YES;
				CLANG_WARN_INT_CONVERSION = YES;
				CLANG_WARN_NON_LITERAL_NULL_CONVERSION = YES;
				CLANG_WARN_OBJC_IMPLICIT_RETAIN_SELF = YES;
				CLANG_WARN_OBJC_LITERAL_CONVERSION = YES;
				CLANG_WARN_OBJC_ROOT_CLASS = YES_ERROR;
				CLANG_WARN_QUOTED_INCLUDE_IN_FRAMEWORK_HEADER = YES;
				CLANG_WARN_RANGE_LOOP_ANALYSIS = YES;
				CLANG_WARN_STRICT_PROTOTYPES = YES;
				CLANG_WARN_SUSPICIOUS_MOVE = YES;
				CLANG_WARN_UNGUARDED_AVAILABILITY = YES_AGGRESSIVE;
				CLANG_WARN_UNREACHABLE_CODE = YES;
				CLANG_WARN__DUPLICATE_METHOD_MATCH = YES;
				COPY_PHASE_STRIP = NO;
				DEBUG_INFORMATION_FORMAT = "dwarf-with-dsym";
				ENABLE_NS_ASSERTIONS = NO;
				ENABLE_STRICT_OBJC_MSGSEND = YES;
				ENABLE_USER_SCRIPT_SANDBOXING = YES;
				GCC_C_LANGUAGE_STANDARD = gnu17;
				GCC_NO_COMMON_BLOCKS = YES;
				GCC_WARN_64_TO_32_BIT_CONVERSION = YES;
				GCC_WARN_ABOUT_RETURN_TYPE = YES_ERROR;
				GCC_WARN_UNDECLARED_SELECTOR = YES;
				GCC_WARN_UNINITIALIZED_AUTOS = YES_AGGRESSIVE;
				GCC_WARN_UNUSED_FUNCTION = YES;
				GCC_WARN_UNUSED_VARIABLE = YES;
				IPHONEOS_DEPLOYMENT_TARGET = 17.2;
				LOCALIZATION_PREFERS_STRING_CATALOGS = YES;
				MTL_ENABLE_DEBUG_INFO = NO;
				MTL_FAST_MATH = YES;
				SDKROOT = iphoneos;
				SWIFT_COMPILATION_MODE = wholemodule;
				VALIDATE_PRODUCT = YES;
			};
			name = Release;
		};
		8E15C9142B6679D5001468C7 /* Debug */ = {
			isa = XCBuildConfiguration;
			buildSettings = {
				ASSETCATALOG_COMPILER_APPICON_NAME = AppIcon;
				ASSETCATALOG_COMPILER_GLOBAL_ACCENT_COLOR_NAME = AccentColor;
				CODE_SIGN_STYLE = Automatic;
				CURRENT_PROJECT_VERSION = 1;
				DEVELOPMENT_ASSET_PATHS = "\"RMQSoket/Preview Content\"";
				DEVELOPMENT_TEAM = 9GGZWXBXQ6;
				ENABLE_PREVIEWS = YES;
				GENERATE_INFOPLIST_FILE = YES;
				INFOPLIST_KEY_UIApplicationSceneManifest_Generation = YES;
				INFOPLIST_KEY_UIApplicationSupportsIndirectInputEvents = YES;
				INFOPLIST_KEY_UILaunchScreen_Generation = YES;
				INFOPLIST_KEY_UISupportedInterfaceOrientations_iPad = "UIInterfaceOrientationPortrait UIInterfaceOrientationPortraitUpsideDown UIInterfaceOrientationLandscapeLeft UIInterfaceOrientationLandscapeRight";
				INFOPLIST_KEY_UISupportedInterfaceOrientations_iPhone = "UIInterfaceOrientationPortrait UIInterfaceOrientationLandscapeLeft UIInterfaceOrientationLandscapeRight";
				LD_RUNPATH_SEARCH_PATHS = (
					"$(inherited)",
					"@executable_path/Frameworks",
				);
				MARKETING_VERSION = 1.0;
				PRODUCT_BUNDLE_IDENTIFIER = YangCustom.RMQSoket;
				PRODUCT_NAME = "$(TARGET_NAME)";
				SWIFT_EMIT_LOC_STRINGS = YES;
				SWIFT_VERSION = 5.0;
				TARGETED_DEVICE_FAMILY = "1,2";
			};
			name = Debug;
		};
		8E15C9152B6679D5001468C7 /* Release */ = {
			isa = XCBuildConfiguration;
			buildSettings = {
				ASSETCATALOG_COMPILER_APPICON_NAME = AppIcon;
				ASSETCATALOG_COMPILER_GLOBAL_ACCENT_COLOR_NAME = AccentColor;
				CODE_SIGN_STYLE = Automatic;
				CURRENT_PROJECT_VERSION = 1;
				DEVELOPMENT_ASSET_PATHS = "\"RMQSoket/Preview Content\"";
				DEVELOPMENT_TEAM = 9GGZWXBXQ6;
				ENABLE_PREVIEWS = YES;
				GENERATE_INFOPLIST_FILE = YES;
				INFOPLIST_KEY_UIApplicationSceneManifest_Generation = YES;
				INFOPLIST_KEY_UIApplicationSupportsIndirectInputEvents = YES;
				INFOPLIST_KEY_UILaunchScreen_Generation = YES;
				INFOPLIST_KEY_UISupportedInterfaceOrientations_iPad = "UIInterfaceOrientationPortrait UIInterfaceOrientationPortraitUpsideDown UIInterfaceOrientationLandscapeLeft UIInterfaceOrientationLandscapeRight";
				INFOPLIST_KEY_UISupportedInterfaceOrientations_iPhone = "UIInterfaceOrientationPortrait UIInterfaceOrientationLandscapeLeft UIInterfaceOrientationLandscapeRight";
				LD_RUNPATH_SEARCH_PATHS = (
					"$(inherited)",
					"@executable_path/Frameworks",
				);
				MARKETING_VERSION = 1.0;
				PRODUCT_BUNDLE_IDENTIFIER = YangCustom.RMQSoket;
				PRODUCT_NAME = "$(TARGET_NAME)";
				SWIFT_EMIT_LOC_STRINGS = YES;
				SWIFT_VERSION = 5.0;
				TARGETED_DEVICE_FAMILY = "1,2";
			};
			name = Release;
		};
		8E15C9172B6679D5001468C7 /* Debug */ = {
			isa = XCBuildConfiguration;
			buildSettings = {
				ALWAYS_EMBED_SWIFT_STANDARD_LIBRARIES = YES;
				BUNDLE_LOADER = "$(TEST_HOST)";
				CODE_SIGN_STYLE = Automatic;
				CURRENT_PROJECT_VERSION = 1;
				DEVELOPMENT_TEAM = 9GGZWXBXQ6;
				GENERATE_INFOPLIST_FILE = YES;
				IPHONEOS_DEPLOYMENT_TARGET = 17.2;
				MARKETING_VERSION = 1.0;
				PRODUCT_BUNDLE_IDENTIFIER = YangCustom.RMQSoketTests;
				PRODUCT_NAME = "$(TARGET_NAME)";
				SWIFT_EMIT_LOC_STRINGS = NO;
				SWIFT_VERSION = 5.0;
				TARGETED_DEVICE_FAMILY = "1,2";
				TEST_HOST = "$(BUILT_PRODUCTS_DIR)/RMQSoket.app/$(BUNDLE_EXECUTABLE_FOLDER_PATH)/RMQSoket";
			};
			name = Debug;
		};
		8E15C9182B6679D5001468C7 /* Release */ = {
			isa = XCBuildConfiguration;
			buildSettings = {
				ALWAYS_EMBED_SWIFT_STANDARD_LIBRARIES = YES;
				BUNDLE_LOADER = "$(TEST_HOST)";
				CODE_SIGN_STYLE = Automatic;
				CURRENT_PROJECT_VERSION = 1;
				DEVELOPMENT_TEAM = 9GGZWXBXQ6;
				GENERATE_INFOPLIST_FILE = YES;
				IPHONEOS_DEPLOYMENT_TARGET = 17.2;
				MARKETING_VERSION = 1.0;
				PRODUCT_BUNDLE_IDENTIFIER = YangCustom.RMQSoketTests;
				PRODUCT_NAME = "$(TARGET_NAME)";
				SWIFT_EMIT_LOC_STRINGS = NO;
				SWIFT_VERSION = 5.0;
				TARGETED_DEVICE_FAMILY = "1,2";
				TEST_HOST = "$(BUILT_PRODUCTS_DIR)/RMQSoket.app/$(BUNDLE_EXECUTABLE_FOLDER_PATH)/RMQSoket";
			};
			name = Release;
		};
		8E15C91A2B6679D5001468C7 /* Debug */ = {
			isa = XCBuildConfiguration;
			buildSettings = {
				ALWAYS_EMBED_SWIFT_STANDARD_LIBRARIES = YES;
				CODE_SIGN_STYLE = Automatic;
				CURRENT_PROJECT_VERSION = 1;
				DEVELOPMENT_TEAM = 9GGZWXBXQ6;
				GENERATE_INFOPLIST_FILE = YES;
				MARKETING_VERSION = 1.0;
				PRODUCT_BUNDLE_IDENTIFIER = YangCustom.RMQSoketUITests;
				PRODUCT_NAME = "$(TARGET_NAME)";
				SWIFT_EMIT_LOC_STRINGS = NO;
				SWIFT_VERSION = 5.0;
				TARGETED_DEVICE_FAMILY = "1,2";
				TEST_TARGET_NAME = RMQSoket;
			};
			name = Debug;
		};
		8E15C91B2B6679D5001468C7 /* Release */ = {
			isa = XCBuildConfiguration;
			buildSettings = {
				ALWAYS_EMBED_SWIFT_STANDARD_LIBRARIES = YES;
				CODE_SIGN_STYLE = Automatic;
				CURRENT_PROJECT_VERSION = 1;
				DEVELOPMENT_TEAM = 9GGZWXBXQ6;
				GENERATE_INFOPLIST_FILE = YES;
				MARKETING_VERSION = 1.0;
				PRODUCT_BUNDLE_IDENTIFIER = YangCustom.RMQSoketUITests;
				PRODUCT_NAME = "$(TARGET_NAME)";
				SWIFT_EMIT_LOC_STRINGS = NO;
				SWIFT_VERSION = 5.0;
				TARGETED_DEVICE_FAMILY = "1,2";
				TEST_TARGET_NAME = RMQSoket;
			};
			name = Release;
		};
/* End XCBuildConfiguration section */

/* Begin XCConfigurationList section */
		8E15C8EA2B6679D1001468C7 /* Build configuration list for PBXProject "RMQSoket" */ = {
			isa = XCConfigurationList;
			buildConfigurations = (
				8E15C9112B6679D5001468C7 /* Debug */,
				8E15C9122B6679D5001468C7 /* Release */,
			);
			defaultConfigurationIsVisible = 0;
			defaultConfigurationName = Release;
		};
		8E15C9132B6679D5001468C7 /* Build configuration list for PBXNativeTarget "RMQSoket" */ = {
			isa = XCConfigurationList;
			buildConfigurations = (
				8E15C9142B6679D5001468C7 /* Debug */,
				8E15C9152B6679D5001468C7 /* Release */,
			);
			defaultConfigurationIsVisible = 0;
			defaultConfigurationName = Release;
		};
		8E15C9162B6679D5001468C7 /* Build configuration list for PBXNativeTarget "RMQSoketTests" */ = {
			isa = XCConfigurationList;
			buildConfigurations = (
				8E15C9172B6679D5001468C7 /* Debug */,
				8E15C9182B6679D5001468C7 /* Release */,
			);
			defaultConfigurationIsVisible = 0;
			defaultConfigurationName = Release;
		};
		8E15C9192B6679D5001468C7 /* Build configuration list for PBXNativeTarget "RMQSoketUITests" */ = {
			isa = XCConfigurationList;
			buildConfigurations = (
				8E15C91A2B6679D5001468C7 /* Debug */,
				8E15C91B2B6679D5001468C7 /* Release */,
			);
			defaultConfigurationIsVisible = 0;
			defaultConfigurationName = Release;
		};
/* End XCConfigurationList section */
	};
	rootObject = 8E15C8E72B6679D1001468C7 /* Project object */;
}
